# This file is automatically @generated by Cargo.
# It is not intended for manual editing.
version = 3

[[package]]
name = "ex_01_intro_00_welcome"
version = "0.1.0"

[[package]]
name = "ex_01_intro_01_syntax"
version = "0.1.0"

[[package]]
name = "ex_02_basic_calculator_01_integers"
version = "0.1.0"

[[package]]
name = "ex_02_basic_calculator_02_variables"
version = "0.1.0"

[[package]]
name = "ex_02_basic_calculator_03_if_else"
version = "0.1.0"

[[package]]
name = "ex_02_basic_calculator_04_panics"
version = "0.1.0"
