# This file is automatically @generated by Cargo.
# It is not intended for manual editing.
version = 3

[[package]]
name = "ex_01_intro_00_welcome"
version = "0.1.0"

[[package]]
name = "ex_01_intro_01_syntax"
version = "0.1.0"

[[package]]
name = "ex_02_basic_calculator_01_integers"
version = "0.1.0"

[[package]]
name = "ex_02_basic_calculator_02_variables"
version = "0.1.0"

[[package]]
name = "ex_02_basic_calculator_03_if_else"
version = "0.1.0"

[[package]]
name = "ex_02_basic_calculator_04_panics"
version = "0.1.0"

[[package]]
name = "ex_02_basic_calculator_05_factorial"
version = "0.1.0"

[[package]]
name = "ex_02_basic_calculator_06_while"
version = "0.1.0"

[[package]]
name = "ex_02_basic_calculator_07_for"
version = "0.1.0"

[[package]]
name = "ex_02_basic_calculator_08_overflow"
version = "0.1.0"

[[package]]
name = "ex_02_basic_calculator_09_saturating"
version = "0.1.0"

[[package]]
name = "ex_02_basic_calculator_10_as_casting"
version = "0.1.0"

[[package]]
name = "ex_03_ticket_v1_00_intro"
version = "0.1.0"

[[package]]
name = "ex_03_ticket_v1_01_struct"
version = "0.1.0"

[[package]]
name = "ex_03_ticket_v1_02_validation"
version = "0.1.0"

[[package]]
name = "ex_03_ticket_v1_03_modules"
version = "0.1.0"

[[package]]
name = "ex_03_ticket_v1_04_visibility"
version = "0.1.0"

[[package]]
name = "ex_03_ticket_v1_05_encapsulation"
version = "0.1.0"

[[package]]
name = "ex_03_ticket_v1_06_ownership"
version = "0.1.0"

[[package]]
name = "ex_03_ticket_v1_07_setters"
version = "0.1.0"
